
Microsoft Visual Studio Solution File, Format Version 12.00
# Visual Studio Version 17
VisualStudioVersion = 17.12.35707.178 d17.12
MinimumVisualStudioVersion = 10.0.40219.1
Project("{FAE04EC0-301F-11D3-BF4B-00C04F79EFBC}") = "C#Forintern", "C#Forintern\C#Forintern.csproj", "{CC7672F3-C417-483D-B5F7-A2632C4FB7EE}"
EndProject
Global
	GlobalSection(SolutionConfigurationPlatforms) = preSolution
		Debug|Any CPU = Debug|Any CPU
		Release|Any CPU = Release|Any CPU
	EndGlobalSection
	GlobalSection(ProjectConfigurationPlatforms) = postSolution
		{CC7672F3-C417-483D-B5F7-A2632C4FB7EE}.Debug|Any CPU.ActiveCfg = Debug|Any CPU
		{CC7672F3-C417-483D-B5F7-A2632C4FB7EE}.Debug|Any CPU.Build.0 = Debug|Any CPU
		{CC7672F3-C417-483D-B5F7-A2632C4FB7EE}.Release|Any CPU.ActiveCfg = Release|Any CPU
		{CC7672F3-C417-483D-B5F7-A2632C4FB7EE}.Release|Any CPU.Build.0 = Release|Any CPU
	EndGlobalSection
	GlobalSection(SolutionProperties) = preSolution
		HideSolutionNode = FALSE
	EndGlobalSection
EndGlobal
